{
  "name": "skagit60",
  "version": "1.0.0",
  "lockfileVersion": 1,
  "requires": true,
  "dependencies": {
    "filepond": {
      "version": "4.9.5",
      "resolved": "https://registry.npmjs.org/filepond/-/filepond-4.9.5.tgz",
      "integrity": "sha512-ufTYgY1i1nzNriaacMNPwv8qc55xhCY6LzuKhybB53LHL8vn0P+T3ADOyrSHxDhfBp7abO6AO0vB9wohpiDD3A=="
    },
    "vue": {
      "version": "2.6.11",
      "resolved": "https://registry.npmjs.org/vue/-/vue-2.6.11.tgz",
      "integrity": "sha512-VfPwgcGABbGAue9+sfrD4PuwFar7gPb1yl1UK1MwXoQPAw0BKSqWfoYCT/ThFrdEVWoI51dBuyCoiNU9bZDZxQ=="
    },
    "vue-filepond": {
      "version": "6.0.2",
      "resolved": "https://registry.npmjs.org/vue-filepond/-/vue-filepond-6.0.2.tgz",
      "integrity": "sha512-HE1TvV2LrKMU3pFeIBbR9Uf6cryNLVnnl35uSL+HLsZ6rfZ3C1alfre3UcaSoKTVuxNsn41Ce4IR528UwdxZfw=="
    }
  }
}
